// !$*UTF8*$!
{
	archiveVersion = 1;
	classes = {
	};
	objectVersion = 46;
	objects = {

/* Begin PBXBuildFile section */
		D7BDF8381E4F363E00D43F20 /* main.swift in Sources */ = {isa = PBXBuildFile; fileRef = D7BDF8371E4F363E00D43F20 /* main.swift */; };
		D7BDF83C1E4F375E00D43F20 /* Companhia.swift in Sources */ = {isa = PBXBuildFile; fileRef = D7BDF83B1E4F375E00D43F20 /* Companhia.swift */; };
		D7BDF83E1E4F379400D43F20 /* Aeroporto.swift in Sources */ = {isa = PBXBuildFile; fileRef = D7BDF83D1E4F379400D43F20 /* Aeroporto.swift */; };
		D7BDF8401E4F37A500D43F20 /* Voo.swift in Sources */ = {isa = PBXBuildFile; fileRef = D7BDF83F1E4F37A500D43F20 /* Voo.swift */; };
		D7BDF8441E4F406F00D43F20 /* Infraero.swift in Sources */ = {isa = PBXBuildFile; fileRef = D7BDF8431E4F406F00D43F20 /* Infraero.swift */; };
/* End PBXBuildFile section */

/* Begin PBXCopyFilesBuildPhase section */
		D7BDF82B1E4F361E00D43F20 /* CopyFiles */ = {
			isa = PBXCopyFilesBuildPhase;
			buildActionMask = 2147483647;
			dstPath = /usr/share/man/man1/;
			dstSubfolderSpec = 0;
			files = (
			);
			runOnlyForDeploymentPostprocessing = 1;
		};
/* End PBXCopyFilesBuildPhase section */

/* Begin PBXFileReference section */
		D7BDF82D1E4F361E00D43F20 /* Projeto */ = {isa = PBXFileReference; explicitFileType = "compiled.mach-o.executable"; includeInIndex = 0; path = Projeto; sourceTree = BUILT_PRODUCTS_DIR; };
		D7BDF8371E4F363E00D43F20 /* main.swift */ = {isa = PBXFileReference; fileEncoding = 4; lastKnownFileType = sourcecode.swift; name = main.swift; path = "../../Aula Swift Visual/Infraero/main.swift"; sourceTree = "<group>"; };
		D7BDF83B1E4F375E00D43F20 /* Companhia.swift */ = {isa = PBXFileReference; fileEncoding = 4; lastKnownFileType = sourcecode.swift; path = Companhia.swift; sourceTree = "<group>"; };
		D7BDF83D1E4F379400D43F20 /* Aeroporto.swift */ = {isa = PBXFileReference; fileEncoding = 4; lastKnownFileType = sourcecode.swift; path = Aeroporto.swift; sourceTree = "<group>"; };
		D7BDF83F1E4F37A500D43F20 /* Voo.swift */ = {isa = PBXFileReference; fileEncoding = 4; lastKnownFileType = sourcecode.swift; path = Voo.swift; sourceTree = "<group>"; };
		D7BDF8431E4F406F00D43F20 /* Infraero.swift */ = {isa = PBXFileReference; fileEncoding = 4; lastKnownFileType = sourcecode.swift; path = Infraero.swift; sourceTree = "<group>"; };
/* End PBXFileReference section */

/* Begin PBXFrameworksBuildPhase section */
		D7BDF82A1E4F361E00D43F20 /* Frameworks */ = {
			isa = PBXFrameworksBuildPhase;
			buildActionMask = 2147483647;
			files = (
			);
			runOnlyForDeploymentPostprocessing = 0;
		};
/* End PBXFrameworksBuildPhase section */

/* Begin PBXGroup section */
		D7BDF8241E4F361E00D43F20 = {
			isa = PBXGroup;
			children = (
				D7BDF82F1E4F361E00D43F20 /* Projeto */,
				D7BDF82E1E4F361E00D43F20 /* Products */,
			);
			sourceTree = "<group>";
		};
		D7BDF82E1E4F361E00D43F20 /* Products */ = {
			isa = PBXGroup;
			children = (
				D7BDF82D1E4F361E00D43F20 /* Projeto */,
			);
			name = Products;
			sourceTree = "<group>";
		};
		D7BDF82F1E4F361E00D43F20 /* Projeto */ = {
			isa = PBXGroup;
			children = (
				D7BDF8371E4F363E00D43F20 /* main.swift */,
				D7BDF83B1E4F375E00D43F20 /* Companhia.swift */,
				D7BDF83D1E4F379400D43F20 /* Aeroporto.swift */,
				D7BDF83F1E4F37A500D43F20 /* Voo.swift */,
				D7BDF8431E4F406F00D43F20 /* Infraero.swift */,
			);
			path = Projeto;
			sourceTree = "<group>";
		};
/* End PBXGroup section */

/* Begin PBXNativeTarget section */
		D7BDF82C1E4F361E00D43F20 /* Projeto */ = {
			isa = PBXNativeTarget;
			buildConfigurationList = D7BDF8341E4F361E00D43F20 /* Build configuration list for PBXNativeTarget "Projeto" */;
			buildPhases = (
				D7BDF8291E4F361E00D43F20 /* Sources */,
				D7BDF82A1E4F361E00D43F20 /* Frameworks */,
				D7BDF82B1E4F361E00D43F20 /* CopyFiles */,
			);
			buildRules = (
			);
			dependencies = (
			);
			name = Projeto;
			productName = Projeto;
			productReference = D7BDF82D1E4F361E00D43F20 /* Projeto */;
			productType = "com.apple.product-type.tool";
		};
/* End PBXNativeTarget section */

/* Begin PBXProject section */
		D7BDF8251E4F361E00D43F20 /* Project object */ = {
			isa = PBXProject;
			attributes = {
				LastSwiftUpdateCheck = 0820;
				LastUpgradeCheck = 0820;
				ORGANIZATIONNAME = "Faculdade Catolica do Tocantins";
				TargetAttributes = {
					D7BDF82C1E4F361E00D43F20 = {
						CreatedOnToolsVersion = 8.2;
						ProvisioningStyle = Automatic;
					};
				};
			};
			buildConfigurationList = D7BDF8281E4F361E00D43F20 /* Build configuration list for PBXProject "Projeto" */;
			compatibilityVersion = "Xcode 3.2";
			developmentRegion = English;
			hasScannedForEncodings = 0;
			knownRegions = (
				en,
			);
			mainGroup = D7BDF8241E4F361E00D43F20;
			productRefGroup = D7BDF82E1E4F361E00D43F20 /* Products */;
			projectDirPath = "";
			projectRoot = "";
			targets = (
				D7BDF82C1E4F361E00D43F20 /* Projeto */,
			);
		};
/* End PBXProject section */

/* Begin PBXSourcesBuildPhase section */
		D7BDF8291E4F361E00D43F20 /* Sources */ = {
			isa = PBXSourcesBuildPhase;
			buildActionMask = 2147483647;
			files = (
				D7BDF8401E4F37A500D43F20 /* Voo.swift in Sources */,
				D7BDF8381E4F363E00D43F20 /* main.swift in Sources */,
				D7BDF83E1E4F379400D43F20 /* Aeroporto.swift in Sources */,
				D7BDF83C1E4F375E00D43F20 /* Companhia.swift in Sources */,
				D7BDF8441E4F406F00D43F20 /* Infraero.swift in Sources */,
			);
			runOnlyForDeploymentPostprocessing = 0;
		};
/* End PBXSourcesBuildPhase section */

/* Begin XCBuildConfiguration section */
		D7BDF8321E4F361E00D43F20 /* Debug */ = {
			isa = XCBuildConfiguration;
			buildSettings = {
				ALWAYS_SEARCH_USER_PATHS = NO;
				CLANG_ANALYZER_NONNULL = YES;
				CLANG_CXX_LANGUAGE_STANDARD = "gnu++0x";
				CLANG_CXX_LIBRARY = "libc++";
				CLANG_ENABLE_MODULES = YES;
				CLANG_ENABLE_OBJC_ARC = YES;
				CLANG_WARN_BOOL_CONVERSION = YES;
				CLANG_WARN_CONSTANT_CONVERSION = YES;
				CLANG_WARN_DIRECT_OBJC_ISA_USAGE = YES_ERROR;
				CLANG_WARN_DOCUMENTATION_COMMENTS = YES;
				CLANG_WARN_EMPTY_BODY = YES;
				CLANG_WARN_ENUM_CONVERSION = YES;
				CLANG_WARN_INFINITE_RECURSION = YES;
				CLANG_WARN_INT_CONVERSION = YES;
				CLANG_WARN_OBJC_ROOT_CLASS = YES_ERROR;
				CLANG_WARN_SUSPICIOUS_MOVE = YES;
				CLANG_WARN_UNREACHABLE_CODE = YES;
				CLANG_WARN__DUPLICATE_METHOD_MATCH = YES;
				CODE_SIGN_IDENTITY = "-";
				COPY_PHASE_STRIP = NO;
				DEBUG_INFORMATION_FORMAT = dwarf;
				ENABLE_STRICT_OBJC_MSGSEND = YES;
				ENABLE_TESTABILITY = YES;
				GCC_C_LANGUAGE_STANDARD = gnu99;
				GCC_DYNAMIC_NO_PIC = NO;
				GCC_NO_COMMON_BLOCKS = YES;
				GCC_OPTIMIZATION_LEVEL = 0;
				GCC_PREPROCESSOR_DEFINITIONS = (
					"DEBUG=1",
					"$(inherited)",
				);
				GCC_WARN_64_TO_32_BIT_CONVERSION = YES;
				GCC_WARN_ABOUT_RETURN_TYPE = YES_ERROR;
				GCC_WARN_UNDECLARED_SELECTOR = YES;
				GCC_WARN_UNINITIALIZED_AUTOS = YES_AGGRESSIVE;
				GCC_WARN_UNUSED_FUNCTION = YES;
				GCC_WARN_UNUSED_VARIABLE = YES;
				MACOSX_DEPLOYMENT_TARGET = 10.12;
				MTL_ENABLE_DEBUG_INFO = YES;
				ONLY_ACTIVE_ARCH = YES;
				SDKROOT = macosx;
				SWIFT_OPTIMIZATION_LEVEL = "-Onone";
			};
			name = Debug;
		};
		D7BDF8331E4F361E00D43F20 /* Release */ = {
			isa = XCBuildConfiguration;
			buildSettings = {
				ALWAYS_SEARCH_USER_PATHS = NO;
				CLANG_ANALYZER_NONNULL = YES;
				CLANG_CXX_LANGUAGE_STANDARD = "gnu++0x";
				CLANG_CXX_LIBRARY = "libc++";
				CLANG_ENABLE_MODULES = YES;
				CLANG_ENABLE_OBJC_ARC = YES;
				CLANG_WARN_BOOL_CONVERSION = YES;
				CLANG_WARN_CONSTANT_CONVERSION = YES;
				CLANG_WARN_DIRECT_OBJC_ISA_USAGE = YES_ERROR;
				CLANG_WARN_DOCUMENTATION_COMMENTS = YES;
				CLANG_WARN_EMPTY_BODY = YES;
				CLANG_WARN_ENUM_CONVERSION = YES;
				CLANG_WARN_INFINITE_RECURSION = YES;
				CLANG_WARN_INT_CONVERSION = YES;
				CLANG_WARN_OBJC_ROOT_CLASS = YES_ERROR;
				CLANG_WARN_SUSPICIOUS_MOVE = YES;
				CLANG_WARN_UNREACHABLE_CODE = YES;
				CLANG_WARN__DUPLICATE_METHOD_MATCH = YES;
				CODE_SIGN_IDENTITY = "-";
				COPY_PHASE_STRIP = NO;
				DEBUG_INFORMATION_FORMAT = "dwarf-with-dsym";
				ENABLE_NS_ASSERTIONS = NO;
				ENABLE_STRICT_OBJC_MSGSEND = YES;
				GCC_C_LANGUAGE_STANDARD = gnu99;
				GCC_NO_COMMON_BLOCKS = YES;
				GCC_WARN_64_TO_32_BIT_CONVERSION = YES;
				GCC_WARN_ABOUT_RETURN_TYPE = YES_ERROR;
				GCC_WARN_UNDECLARED_SELECTOR = YES;
				GCC_WARN_UNINITIALIZED_AUTOS = YES_AGGRESSIVE;
				GCC_WARN_UNUSED_FUNCTION = YES;
				GCC_WARN_UNUSED_VARIABLE = YES;
				MACOSX_DEPLOYMENT_TARGET = 10.12;
				MTL_ENABLE_DEBUG_INFO = NO;
				SDKROOT = macosx;
			};
			name = Release;
		};
		D7BDF8351E4F361E00D43F20 /* Debug */ = {
			isa = XCBuildConfiguration;
			buildSettings = {
				PRODUCT_NAME = "$(TARGET_NAME)";
				SWIFT_VERSION = 3.0;
			};
			name = Debug;
		};
		D7BDF8361E4F361E00D43F20 /* Release */ = {
			isa = XCBuildConfiguration;
			buildSettings = {
				PRODUCT_NAME = "$(TARGET_NAME)";
				SWIFT_VERSION = 3.0;
			};
			name = Release;
		};
/* End XCBuildConfiguration section */

/* Begin XCConfigurationList section */
		D7BDF8281E4F361E00D43F20 /* Build configuration list for PBXProject "Projeto" */ = {
			isa = XCConfigurationList;
			buildConfigurations = (
				D7BDF8321E4F361E00D43F20 /* Debug */,
				D7BDF8331E4F361E00D43F20 /* Release */,
			);
			defaultConfigurationIsVisible = 0;
			defaultConfigurationName = Release;
		};
		D7BDF8341E4F361E00D43F20 /* Build configuration list for PBXNativeTarget "Projeto" */ = {
			isa = XCConfigurationList;
			buildConfigurations = (
				D7BDF8351E4F361E00D43F20 /* Debug */,
				D7BDF8361E4F361E00D43F20 /* Release */,
			);
			defaultConfigurationIsVisible = 0;
		};
/* End XCConfigurationList section */
	};
	rootObject = D7BDF8251E4F361E00D43F20 /* Project object */;
}
